
Microsoft Visual Studio Solution File, Format Version 12.00
Project("{FAE04EC0-301F-11D3-BF4B-00C04F79EFBC}") = "Rpg", "Rpg\Rpg.csproj", "{DB9457A4-E529-4ECA-8430-34BA265D72E4}"
EndProject
Global
	GlobalSection(SolutionConfigurationPlatforms) = preSolution
		Debug|Any CPU = Debug|Any CPU
		Release|Any CPU = Release|Any CPU
	EndGlobalSection
	GlobalSection(ProjectConfigurationPlatforms) = postSolution
		{DB9457A4-E529-4ECA-8430-34BA265D72E4}.Debug|Any CPU.ActiveCfg = Debug|Any CPU
		{DB9457A4-E529-4ECA-8430-34BA265D72E4}.Debug|Any CPU.Build.0 = Debug|Any CPU
		{DB9457A4-E529-4ECA-8430-34BA265D72E4}.Release|Any CPU.ActiveCfg = Release|Any CPU
		{DB9457A4-E529-4ECA-8430-34BA265D72E4}.Release|Any CPU.Build.0 = Release|Any CPU
	EndGlobalSection
EndGlobal
